
Microsoft Visual Studio Solution File, Format Version 12.00
# Visual Studio 15
VisualStudioVersion = 15.0.26430.12
MinimumVisualStudioVersion = 10.0.40219.1
Project("{2150E333-8FDC-42A3-9474-1A3956D46DE8}") = "Solution Items", "Solution Items", "{7D3FCDD5-B1AA-4503-B00D-78A533F5224F}"
EndProject
Project("{2150E333-8FDC-42A3-9474-1A3956D46DE8}") = "Util", "Util", "{F392CF1A-B7CE-4ACE-B397-7457F19B5F48}"
	ProjectSection(SolutionItems) = preProject
		build.nuget.bat = build.nuget.bat
	EndProjectSection
EndProject
Project("{FAE04EC0-301F-11D3-BF4B-00C04F79EFBC}") = "JDash.NetCore.Provider.MsSQL", "JDash.NetCore.Provider.MsSQL\JDash.NetCore.Provider.MsSQL.csproj", "{5703A839-6690-4085-939E-6FFB0846F0A3}"
EndProject
Project("{FAE04EC0-301F-11D3-BF4B-00C04F79EFBC}") = "JDash.NetCore.Models", "JDash.NetCore.Models\JDash.NetCore.Models.csproj", "{3170DAD6-3953-4A89-BC81-5EE63BC72900}"
EndProject
Project("{FAE04EC0-301F-11D3-BF4B-00C04F79EFBC}") = "JDash.NetCore.Api", "JDash.NetCore.Api\JDash.NetCore.Api.csproj", "{8EBA7CF2-52B5-4652-9B1B-1EAEDDE36F2A}"
EndProject
Project("{FAE04EC0-301F-11D3-BF4B-00C04F79EFBC}") = "JDash.NetCore.Provider.MySQL", "JDash.NetCore.Provider.MySQL\JDash.NetCore.Provider.MySQL.csproj", "{60CAB8F8-7A25-4E78-8F0E-0714A234A516}"
EndProject
Global
	GlobalSection(SolutionConfigurationPlatforms) = preSolution
		Debug|Any CPU = Debug|Any CPU
		Release|Any CPU = Release|Any CPU
		ReleaseNET40_Only|Any CPU = ReleaseNET40_Only|Any CPU
	EndGlobalSection
	GlobalSection(ProjectConfigurationPlatforms) = postSolution
		{5703A839-6690-4085-939E-6FFB0846F0A3}.Debug|Any CPU.ActiveCfg = Debug|Any CPU
		{5703A839-6690-4085-939E-6FFB0846F0A3}.Debug|Any CPU.Build.0 = Debug|Any CPU
		{5703A839-6690-4085-939E-6FFB0846F0A3}.Release|Any CPU.ActiveCfg = Release|Any CPU
		{5703A839-6690-4085-939E-6FFB0846F0A3}.Release|Any CPU.Build.0 = Release|Any CPU
		{5703A839-6690-4085-939E-6FFB0846F0A3}.ReleaseNET40_Only|Any CPU.ActiveCfg = Release|Any CPU
		{5703A839-6690-4085-939E-6FFB0846F0A3}.ReleaseNET40_Only|Any CPU.Build.0 = Release|Any CPU
		{3170DAD6-3953-4A89-BC81-5EE63BC72900}.Debug|Any CPU.ActiveCfg = Debug|Any CPU
		{3170DAD6-3953-4A89-BC81-5EE63BC72900}.Debug|Any CPU.Build.0 = Debug|Any CPU
		{3170DAD6-3953-4A89-BC81-5EE63BC72900}.Release|Any CPU.ActiveCfg = Release|Any CPU
		{3170DAD6-3953-4A89-BC81-5EE63BC72900}.Release|Any CPU.Build.0 = Release|Any CPU
		{3170DAD6-3953-4A89-BC81-5EE63BC72900}.ReleaseNET40_Only|Any CPU.ActiveCfg = Release|Any CPU
		{3170DAD6-3953-4A89-BC81-5EE63BC72900}.ReleaseNET40_Only|Any CPU.Build.0 = Release|Any CPU
		{8EBA7CF2-52B5-4652-9B1B-1EAEDDE36F2A}.Debug|Any CPU.ActiveCfg = Debug|Any CPU
		{8EBA7CF2-52B5-4652-9B1B-1EAEDDE36F2A}.Debug|Any CPU.Build.0 = Debug|Any CPU
		{8EBA7CF2-52B5-4652-9B1B-1EAEDDE36F2A}.Release|Any CPU.ActiveCfg = Release|Any CPU
		{8EBA7CF2-52B5-4652-9B1B-1EAEDDE36F2A}.Release|Any CPU.Build.0 = Release|Any CPU
		{8EBA7CF2-52B5-4652-9B1B-1EAEDDE36F2A}.ReleaseNET40_Only|Any CPU.ActiveCfg = Release|Any CPU
		{8EBA7CF2-52B5-4652-9B1B-1EAEDDE36F2A}.ReleaseNET40_Only|Any CPU.Build.0 = Release|Any CPU
		{60CAB8F8-7A25-4E78-8F0E-0714A234A516}.Debug|Any CPU.ActiveCfg = Debug|Any CPU
		{60CAB8F8-7A25-4E78-8F0E-0714A234A516}.Debug|Any CPU.Build.0 = Debug|Any CPU
		{60CAB8F8-7A25-4E78-8F0E-0714A234A516}.Release|Any CPU.ActiveCfg = Release|Any CPU
		{60CAB8F8-7A25-4E78-8F0E-0714A234A516}.Release|Any CPU.Build.0 = Release|Any CPU
		{60CAB8F8-7A25-4E78-8F0E-0714A234A516}.ReleaseNET40_Only|Any CPU.ActiveCfg = Release|Any CPU
		{60CAB8F8-7A25-4E78-8F0E-0714A234A516}.ReleaseNET40_Only|Any CPU.Build.0 = Release|Any CPU
	EndGlobalSection
	GlobalSection(SolutionProperties) = preSolution
		HideSolutionNode = FALSE
	EndGlobalSection
	GlobalSection(MonoDevelopProperties) = preSolution
		Policies = $0
		$0.DotNetNamingPolicy = $1
		$1.DirectoryNamespaceAssociation = PrefixedHierarchical
		version = 2.0
	EndGlobalSection
EndGlobal
